
Microsoft Visual Studio Solution File, Format Version 12.00
# Visual Studio Version 17
VisualStudioVersion = 17.0.31903.59
MinimumVisualStudioVersion = 10.0.40219.1
Project("{2150E333-8FDC-42A3-9474-1A3956D46DE8}") = "src", "src", "{C09DCB3B-D24F-4D5F-9DA1-E6DD59BAF1D8}"
EndProject
Project("{FAE04EC0-301F-11D3-BF4B-00C04F79EFBC}") = "AuctionService", "src\AuctionService\AuctionService.csproj", "{8143803F-DC26-48E6-AEDA-A6CAF0924702}"
EndProject
Project("{FAE04EC0-301F-11D3-BF4B-00C04F79EFBC}") = "SearchService", "src\SearchService\SearchService.csproj", "{35AC9784-57B9-4C2C-A937-75210577CBF5}"
EndProject
Project("{FAE04EC0-301F-11D3-BF4B-00C04F79EFBC}") = "Contracts", "src\Contracts\Contracts.csproj", "{33B16946-E9EC-455C-A7DA-E22CC9CD26F3}"
EndProject
Project("{FAE04EC0-301F-11D3-BF4B-00C04F79EFBC}") = "IdentityService", "src\IdentityService\IdentityService.csproj", "{3A07FDD8-AABA-43EA-A8D3-49D00E55BCD1}"
EndProject
Project("{FAE04EC0-301F-11D3-BF4B-00C04F79EFBC}") = "GatewayService", "src\GatewayService\GatewayService.csproj", "{16CD4532-C2E4-41B9-AA8F-F9C5FB26CCAA}"
EndProject
Global
	GlobalSection(SolutionConfigurationPlatforms) = preSolution
		Debug|Any CPU = Debug|Any CPU
		Release|Any CPU = Release|Any CPU
	EndGlobalSection
	GlobalSection(SolutionProperties) = preSolution
		HideSolutionNode = FALSE
	EndGlobalSection
	GlobalSection(ProjectConfigurationPlatforms) = postSolution
		{8143803F-DC26-48E6-AEDA-A6CAF0924702}.Debug|Any CPU.ActiveCfg = Debug|Any CPU
		{8143803F-DC26-48E6-AEDA-A6CAF0924702}.Debug|Any CPU.Build.0 = Debug|Any CPU
		{8143803F-DC26-48E6-AEDA-A6CAF0924702}.Release|Any CPU.ActiveCfg = Release|Any CPU
		{8143803F-DC26-48E6-AEDA-A6CAF0924702}.Release|Any CPU.Build.0 = Release|Any CPU
		{35AC9784-57B9-4C2C-A937-75210577CBF5}.Debug|Any CPU.ActiveCfg = Debug|Any CPU
		{35AC9784-57B9-4C2C-A937-75210577CBF5}.Debug|Any CPU.Build.0 = Debug|Any CPU
		{35AC9784-57B9-4C2C-A937-75210577CBF5}.Release|Any CPU.ActiveCfg = Release|Any CPU
		{35AC9784-57B9-4C2C-A937-75210577CBF5}.Release|Any CPU.Build.0 = Release|Any CPU
		{33B16946-E9EC-455C-A7DA-E22CC9CD26F3}.Debug|Any CPU.ActiveCfg = Debug|Any CPU
		{33B16946-E9EC-455C-A7DA-E22CC9CD26F3}.Debug|Any CPU.Build.0 = Debug|Any CPU
		{33B16946-E9EC-455C-A7DA-E22CC9CD26F3}.Release|Any CPU.ActiveCfg = Release|Any CPU
		{33B16946-E9EC-455C-A7DA-E22CC9CD26F3}.Release|Any CPU.Build.0 = Release|Any CPU
		{3A07FDD8-AABA-43EA-A8D3-49D00E55BCD1}.Debug|Any CPU.ActiveCfg = Debug|Any CPU
		{3A07FDD8-AABA-43EA-A8D3-49D00E55BCD1}.Debug|Any CPU.Build.0 = Debug|Any CPU
		{3A07FDD8-AABA-43EA-A8D3-49D00E55BCD1}.Release|Any CPU.ActiveCfg = Release|Any CPU
		{3A07FDD8-AABA-43EA-A8D3-49D00E55BCD1}.Release|Any CPU.Build.0 = Release|Any CPU
		{16CD4532-C2E4-41B9-AA8F-F9C5FB26CCAA}.Debug|Any CPU.ActiveCfg = Debug|Any CPU
		{16CD4532-C2E4-41B9-AA8F-F9C5FB26CCAA}.Debug|Any CPU.Build.0 = Debug|Any CPU
		{16CD4532-C2E4-41B9-AA8F-F9C5FB26CCAA}.Release|Any CPU.ActiveCfg = Release|Any CPU
		{16CD4532-C2E4-41B9-AA8F-F9C5FB26CCAA}.Release|Any CPU.Build.0 = Release|Any CPU
	EndGlobalSection
	GlobalSection(NestedProjects) = preSolution
		{8143803F-DC26-48E6-AEDA-A6CAF0924702} = {C09DCB3B-D24F-4D5F-9DA1-E6DD59BAF1D8}
		{35AC9784-57B9-4C2C-A937-75210577CBF5} = {C09DCB3B-D24F-4D5F-9DA1-E6DD59BAF1D8}
		{33B16946-E9EC-455C-A7DA-E22CC9CD26F3} = {C09DCB3B-D24F-4D5F-9DA1-E6DD59BAF1D8}
		{3A07FDD8-AABA-43EA-A8D3-49D00E55BCD1} = {C09DCB3B-D24F-4D5F-9DA1-E6DD59BAF1D8}
		{16CD4532-C2E4-41B9-AA8F-F9C5FB26CCAA} = {C09DCB3B-D24F-4D5F-9DA1-E6DD59BAF1D8}
	EndGlobalSection
EndGlobal
